<?xml version="1.0" encoding="utf-8"?>
<Project ToolsVersion="4.0" xmlns:atg="http://atg.xbox.com" xmlns="http://schemas.microsoft.com/developer/msbuild/2003">
  <ItemGroup>
    <Filter Include="Resource Files">
      <UniqueIdentifier>{8e114980-c1a3-4ada-ad7c-83caadf5daeb}</UniqueIdentifier>
      <Extensions>rc;ico;cur;bmp;dlg;rc2;rct;bin;rgs;gif;jpg;jpeg;jpe</Extensions>
    </Filter>
    <Filter Include="Headers">
      <UniqueIdentifier>{bb7976b9-f324-45dd-ad45-a20ed3505093}</UniqueIdentifier>
    </Filter>
    <Filter Include="Source">
      <UniqueIdentifier>{fb5d534f-0b9e-4e5f-973c-5eabb3cd2b6e}</UniqueIdentifier>
    </Filter>
    <Filter Include="Headers\Graphics">
      <UniqueIdentifier>{c8aace37-0522-41ee-8692-c7d16beb2483}</UniqueIdentifier>
    </Filter>
    <Filter Include="Source\Graphics">
      <UniqueIdentifier>{71477680-2053-4f59-aa35-f4aeb5988e8f}</UniqueIdentifier>
    </Filter>
    <Filter Include="Headers\Utility">
      <UniqueIdentifier>{2e176cf4-fc33-49c3-be2a-1fd4f5eb7aaf}</UniqueIdentifier>
    </Filter>
    <Filter Include="Source\Utility">
      <UniqueIdentifier>{833c8a3b-dae4-4bdd-a141-840c1913b0c2}</UniqueIdentifier>
    </Filter>
    <Filter Include="Resource Files\Shaders">
      <UniqueIdentifier>{2c3d4c8c-5d1a-459a-a05a-a4e4b608a44e}</UniqueIdentifier>
      <Extensions>fx;fxh;hlsl</Extensions>
    </Filter>
    <Filter Include="Resource Files\Resources">
      <UniqueIdentifier>{a275d0c4-06d8-43d5-9f84-c6e7579c81f9}</UniqueIdentifier>
    </Filter>
    <Filter Include="Resource Files\Cursors">
      <UniqueIdentifier>{e4e9f4f8-2051-4a3d-9911-5fec71e0f763}</UniqueIdentifier>
    </Filter>
    <Filter Include="Headers\Input">
      <UniqueIdentifier>{43d798bf-baf4-4130-8ea7-a1e40fbc44ac}</UniqueIdentifier>
    </Filter>
    <Filter Include="Source\Input">
      <UniqueIdentifier>{f83b346b-8fa3-43c2-b0b9-b14fbbd792f0}</UniqueIdentifier>
    </Filter>
    <Filter Include="Resource Files\ImGui">
      <UniqueIdentifier>{e81e3e0a-96ae-4892-ad4e-d7133f641b0e}</UniqueIdentifier>
    </Filter>
    <Filter Include="Headers\Graphics\Model">
      <UniqueIdentifier>{d9d32f9d-ef70-48ec-b548-747aed1ad95d}</UniqueIdentifier>
    </Filter>
    <Filter Include="Headers\Graphics\Bindables">
      <UniqueIdentifier>{5e1b0e88-2e46-4bb6-9f5d-673d3b458c37}</UniqueIdentifier>
    </Filter>
    <Filter Include="Source\Graphics\Model">
      <UniqueIdentifier>{2623e95e-02d1-444c-94e2-eb58a63d891b}</UniqueIdentifier>
    </Filter>
    <Filter Include="Source\Graphics\Bindables">
      <UniqueIdentifier>{2ff92b7f-abc5-42b2-99d5-df163146dbe0}</UniqueIdentifier>
    </Filter>
    <Filter Include="Headers\Graphics\GameObjects">
      <UniqueIdentifier>{f4046498-2dba-49e5-94f6-77bebbb4bfb1}</UniqueIdentifier>
    </Filter>
    <Filter Include="Headers\Graphics\Drawables">
      <UniqueIdentifier>{2cc253a4-a834-42d0-a95d-e8d82a17a9ab}</UniqueIdentifier>
    </Filter>
    <Filter Include="Headers\Graphics\ObjectData">
      <UniqueIdentifier>{256dbec4-63f1-420c-b2ee-aec243065115}</UniqueIdentifier>
    </Filter>
    <Filter Include="Source\Graphics\GameObjects">
      <UniqueIdentifier>{da7141cd-9ce7-4e4f-af43-66dc13e4ea2d}</UniqueIdentifier>
    </Filter>
    <Filter Include="Source\Graphics\Drawables">
      <UniqueIdentifier>{3afe182d-483a-491f-b6eb-2924b35c7394}</UniqueIdentifier>
    </Filter>
  </ItemGroup>
  <ItemGroup>
    <ClCompile Include="Application.cpp">
      <Filter>Source</Filter>
    </ClCompile>
    <ClCompile Include="utility\StringConverter.cpp">
      <Filter>Source\Utility</Filter>
    </ClCompile>
    <ClCompile Include="utility\ErrorLogger.cpp">
      <Filter>Source\Utility</Filter>
    </ClCompile>
    <ClCompile Include="WinMain.cpp">
      <Filter>Source</Filter>
    </ClCompile>
    <ClCompile Include="graphics\Graphics.cpp">
      <Filter>Source\Graphics</Filter>
    </ClCompile>
    <ClCompile Include="window\WindowContainer.cpp">
      <Filter>Source</Filter>
    </ClCompile>
    <ClCompile Include="window\RenderWindow.cpp">
      <Filter>Source</Filter>
    </ClCompile>
    <ClCompile Include="keyboard\Keyboard.cpp">
      <Filter>Source\Input</Filter>
    </ClCompile>
    <ClCompile Include="mouse\Mouse.cpp">
      <Filter>Source\Input</Filter>
    </ClCompile>
    <ClCompile Include="utility\Timer.cpp">
      <Filter>Source\Utility</Filter>
    </ClCompile>
    <ClCompile Include="..\External\imgui\imgui.cpp">
      <Filter>Resource Files\ImGui</Filter>
    </ClCompile>
    <ClCompile Include="..\External\imgui\imgui_draw.cpp">
      <Filter>Resource Files\ImGui</Filter>
    </ClCompile>
    <ClCompile Include="..\External\imgui\imgui_impl_dx11.cpp">
      <Filter>Resource Files\ImGui</Filter>
    </ClCompile>
    <ClCompile Include="..\External\imgui\imgui_impl_win32.cpp">
      <Filter>Resource Files\ImGui</Filter>
    </ClCompile>
    <ClCompile Include="..\External\imgui\imgui_widgets.cpp">
      <Filter>Resource Files\ImGui</Filter>
    </ClCompile>
    <ClCompile Include="graphics\Light.cpp">
      <Filter>Source\Graphics\Drawables</Filter>
    </ClCompile>
    <ClCompile Include="graphics\Mesh.cpp">
      <Filter>Source\Graphics\Model</Filter>
    </ClCompile>
    <ClCompile Include="graphics\Model.cpp">
      <Filter>Source\Graphics\Model</Filter>
    </ClCompile>
    <ClCompile Include="graphics\Shaders.cpp">
      <Filter>Source\Graphics\Bindables</Filter>
    </ClCompile>
    <ClCompile Include="graphics\IndexBuffer.cpp">
      <Filter>Source\Graphics\Bindables</Filter>
    </ClCompile>
    <ClCompile Include="graphics\ImGuiManager.cpp">
      <Filter>Source\Graphics\Bindables</Filter>
    </ClCompile>
    <ClCompile Include="graphics\Camera3D.cpp">
      <Filter>Source\Graphics\Drawables</Filter>
    </ClCompile>
    <ClCompile Include="graphics\Camera2D.cpp">
      <Filter>Source\Graphics\Drawables</Filter>
    </ClCompile>
    <ClCompile Include="graphics\Sprite.cpp">
      <Filter>Source\Graphics\Drawables</Filter>
    </ClCompile>
    <ClCompile Include="graphics\GraphicsResource.cpp">
      <Filter>Source\Graphics</Filter>
    </ClCompile>
    <ClCompile Include="graphics\RenderableGameObject.cpp">
      <Filter>Source\Graphics\GameObjects</Filter>
    </ClCompile>
    <ClCompile Include="graphics\GameObject3D.cpp">
      <Filter>Source\Graphics\GameObjects</Filter>
    </ClCompile>
    <ClCompile Include="graphics\GameObject2D.cpp">
      <Filter>Source\Graphics\GameObjects</Filter>
    </ClCompile>
    <ClCompile Include="graphics\GameObject.cpp">
      <Filter>Source\Graphics\GameObjects</Filter>
    </ClCompile>
    <ClCompile Include="graphics\Colour.cpp">
      <Filter>Source\Graphics\Model</Filter>
    </ClCompile>
    <ClCompile Include="graphics\Texture.cpp">
      <Filter>Source\Graphics\Model</Filter>
    </ClCompile>
    <ClCompile Include="graphics\Cube.cpp">
      <Filter>Source\Graphics\Drawables</Filter>
    </ClCompile>
    <ClCompile Include="graphics\Plane.cpp">
      <Filter>Source\Graphics\Drawables</Filter>
    </ClCompile>
  </ItemGroup>
  <ItemGroup>
    <ClInclude Include="Application.h">
      <Filter>Headers</Filter>
    </ClInclude>
    <ClInclude Include="utility\StringConverter.h">
      <Filter>Headers\Utility</Filter>
    </ClInclude>
    <ClInclude Include="utility\ErrorLogger.h">
      <Filter>Headers\Utility</Filter>
    </ClInclude>
    <CLInclude Include="resource.h">
      <Filter>Resource Files\Resources</Filter>
    </CLInclude>
    <ClInclude Include="graphics\Graphics.h">
      <Filter>Headers\Graphics</Filter>
    </ClInclude>
    <ClInclude Include="window\RenderWindow.h">
      <Filter>Headers</Filter>
    </ClInclude>
    <ClInclude Include="window\WindowContainer.h">
      <Filter>Headers</Filter>
    </ClInclude>
    <ClInclude Include="keyboard\Keyboard.h">
      <Filter>Headers\Input</Filter>
    </ClInclude>
    <ClInclude Include="mouse\Mouse.h">
      <Filter>Headers\Input</Filter>
    </ClInclude>
    <ClInclude Include="utility\Timer.h">
      <Filter>Headers\Utility</Filter>
    </ClInclude>
    <ClInclude Include="utility\COMException.h">
      <Filter>Headers\Utility</Filter>
    </ClInclude>
    <ClInclude Include="..\External\imgui\imconfig.h">
      <Filter>Resource Files\ImGui</Filter>
    </ClInclude>
    <ClInclude Include="..\External\imgui\imgui.h">
      <Filter>Resource Files\ImGui</Filter>
    </ClInclude>
    <ClInclude Include="..\External\imgui\imgui_impl_dx11.h">
      <Filter>Resource Files\ImGui</Filter>
    </ClInclude>
    <ClInclude Include="..\External\imgui\imgui_impl_win32.h">
      <Filter>Resource Files\ImGui</Filter>
    </ClInclude>
    <ClInclude Include="..\External\imgui\imgui_internal.h">
      <Filter>Resource Files\ImGui</Filter>
    </ClInclude>
    <ClInclude Include="..\External\imgui\imstb_rectpack.h">
      <Filter>Resource Files\ImGui</Filter>
    </ClInclude>
    <ClInclude Include="..\External\imgui\imstb_textedit.h">
      <Filter>Resource Files\ImGui</Filter>
    </ClInclude>
    <ClInclude Include="..\External\imgui\imstb_truetype.h">
      <Filter>Resource Files\ImGui</Filter>
    </ClInclude>
    <ClInclude Include="graphics\Model.h">
      <Filter>Headers\Graphics\Model</Filter>
    </ClInclude>
    <ClInclude Include="graphics\Mesh.h">
      <Filter>Headers\Graphics\Model</Filter>
    </ClInclude>
    <ClInclude Include="graphics\VertexBuffer.h">
      <Filter>Headers\Graphics\Bindables</Filter>
    </ClInclude>
    <ClInclude Include="graphics\Shaders.h">
      <Filter>Headers\Graphics\Bindables</Filter>
    </ClInclude>
    <ClInclude Include="graphics\IndexBuffer.h">
      <Filter>Headers\Graphics\Bindables</Filter>
    </ClInclude>
    <ClInclude Include="graphics\ImGuiManager.h">
      <Filter>Headers\Graphics\Bindables</Filter>
    </ClInclude>
    <ClInclude Include="graphics\ConstantBuffer.h">
      <Filter>Headers\Graphics\Bindables</Filter>
    </ClInclude>
    <ClInclude Include="graphics\GraphicsResource.h">
      <Filter>Headers\Graphics</Filter>
    </ClInclude>
    <ClInclude Include="graphics\RenderableGameObject.h">
      <Filter>Headers\Graphics\GameObjects</Filter>
    </ClInclude>
    <ClInclude Include="graphics\GameObject3D.h">
      <Filter>Headers\Graphics\GameObjects</Filter>
    </ClInclude>
    <ClInclude Include="graphics\GameObject2D.h">
      <Filter>Headers\Graphics\GameObjects</Filter>
    </ClInclude>
    <ClInclude Include="graphics\GameObject.h">
      <Filter>Headers\Graphics\GameObjects</Filter>
    </ClInclude>
    <ClInclude Include="graphics\Sprite.h">
      <Filter>Headers\Graphics\Drawables</Filter>
    </ClInclude>
    <ClInclude Include="graphics\Camera2D.h">
      <Filter>Headers\Graphics\Drawables</Filter>
    </ClInclude>
    <ClInclude Include="graphics\Camera3D.h">
      <Filter>Headers\Graphics\Drawables</Filter>
    </ClInclude>
    <ClInclude Include="graphics\Light.h">
      <Filter>Headers\Graphics\Drawables</Filter>
    </ClInclude>
    <ClInclude Include="graphics\Texture.h">
      <Filter>Headers\Graphics\Model</Filter>
    </ClInclude>
    <ClInclude Include="graphics\Colour.h">
      <Filter>Headers\Graphics\Model</Filter>
    </ClInclude>
    <ClInclude Include="graphics\Vertex.h">
      <Filter>Headers\Graphics\ObjectData</Filter>
    </ClInclude>
    <ClInclude Include="graphics\ConstantBufferTypes.h">
      <Filter>Headers\Graphics\ObjectData</Filter>
    </ClInclude>
    <ClInclude Include="graphics\ObjectVertices.h">
      <Filter>Headers\Graphics\ObjectData</Filter>
    </ClInclude>
    <ClInclude Include="graphics\ObjectIndices.h">
      <Filter>Headers\Graphics\ObjectData</Filter>
    </ClInclude>
    <ClInclude Include="graphics\Viewport.h">
      <Filter>Headers\Graphics\Bindables</Filter>
    </ClInclude>
    <ClInclude Include="graphics\Sampler.h">
      <Filter>Headers\Graphics\Bindables</Filter>
    </ClInclude>
    <ClInclude Include="graphics\Rasterizer.h">
      <Filter>Headers\Graphics\Bindables</Filter>
    </ClInclude>
    <ClInclude Include="graphics\Stencil.h">
      <Filter>Headers\Graphics\Bindables</Filter>
    </ClInclude>
    <ClInclude Include="graphics\DepthStencil.h">
      <Filter>Headers\Graphics\Bindables</Filter>
    </ClInclude>
    <ClInclude Include="graphics\Blender.h">
      <Filter>Headers\Graphics\Bindables</Filter>
    </ClInclude>
    <ClInclude Include="graphics\RenderTarget.h">
      <Filter>Headers\Graphics\Bindables</Filter>
    </ClInclude>
    <ClInclude Include="graphics\SwapChain.h">
      <Filter>Headers\Graphics\Bindables</Filter>
    </ClInclude>
    <ClInclude Include="graphics\ModelData.h">
      <Filter>Headers\Graphics\ObjectData</Filter>
    </ClInclude>
    <ClInclude Include="graphics\Cube.h">
      <Filter>Headers\Graphics\Drawables</Filter>
    </ClInclude>
    <ClInclude Include="graphics\Plane.h">
      <Filter>Headers\Graphics\Drawables</Filter>
    </ClInclude>
  </ItemGroup>
  <ItemGroup>
    <ResourceCompile Include="DX11 Framework.rc">
      <Filter>Resource Files\Resources</Filter>
    </ResourceCompile>
  </ItemGroup>
  <ItemGroup>
    <None Include="res\cursors\Normal Select.ani">
      <Filter>Resource Files\Cursors</Filter>
    </None>
    <None Include="res\cursors\Link Select.ani">
      <Filter>Resource Files\Cursors</Filter>
    </None>
    <None Include="anicurso.bin">
      <Filter>Resource Files\Cursors</Filter>
    </None>
    <None Include="res\objects.json">
      <Filter>Resource Files\Resources</Filter>
    </None>
  </ItemGroup>
  <ItemGroup>
    <Image Include="directx.ico">
      <Filter>Resource Files\Resources</Filter>
    </Image>
  </ItemGroup>
  <ItemGroup>
    <FxCompile Include="res\shaders\Primitive.fx">
      <Filter>Resource Files\Shaders</Filter>
    </FxCompile>
    <FxCompile Include="res\shaders\Water.fx">
      <Filter>Resource Files\Shaders</Filter>
    </FxCompile>
    <FxCompile Include="res\shaders\Normal.fx">
      <Filter>Resource Files\Shaders</Filter>
    </FxCompile>
    <FxCompile Include="res\shaders\Model.fx">
      <Filter>Resource Files\Shaders</Filter>
    </FxCompile>
    <FxCompile Include="res\shaders\Model_NoLight.fx">
      <Filter>Resource Files\Shaders</Filter>
    </FxCompile>
    <FxCompile Include="res\shaders\Fullscreen.fx">
      <Filter>Resource Files\Shaders</Filter>
    </FxCompile>
    <FxCompile Include="res\shaders\Sprite.fx">
      <Filter>Resource Files\Shaders</Filter>
    </FxCompile>
    <FxCompile Include="res\shaders\Sprite_Discard.fx">
      <Filter>Resource Files\Shaders</Filter>
    </FxCompile>
  </ItemGroup>
</Project>